<?xml version="1.0" encoding="utf-8"?>
<Project ToolsVersion="4.0" xmlns="http://schemas.microsoft.com/developer/msbuild/2003">
  <ItemGroup>
    <Filter Include="Blind">
      <UniqueIdentifier>{8E57E60C-FA6B-0EBE-C3ED-B11D2FC10AEF}</UniqueIdentifier>
    </Filter>
    <Filter Include="Blind\Events">
      <UniqueIdentifier>{B2377805-9E9A-07AA-4720-40603362D32C}</UniqueIdentifier>
    </Filter>
    <Filter Include="Blind\ImGui">
      <UniqueIdentifier>{38BFE1D1-A474-5AC7-2D69-549E991D51CB}</UniqueIdentifier>
    </Filter>
    <Filter Include="Platform">
      <UniqueIdentifier>{2AC788B4-1694-E3BF-3FAD-D1672BD9184E}</UniqueIdentifier>
    </Filter>
    <Filter Include="Platform\OpenGL">
      <UniqueIdentifier>{1E7D2C1D-8A08-9AE1-9319-1DD6FF23F6E1}</UniqueIdentifier>
    </Filter>
    <Filter Include="Platform\Windows">
      <UniqueIdentifier>{64FBD71A-50F4-F66C-7926-DCF1657ED678}</UniqueIdentifier>
    </Filter>
  </ItemGroup>
  <ItemGroup>
    <ClInclude Include="src\Blind\Application.h">
      <Filter>Blind</Filter>
    </ClInclude>
    <ClInclude Include="src\Blind\Core.h">
      <Filter>Blind</Filter>
    </ClInclude>
    <ClInclude Include="src\Blind\EntryPoint.h">
      <Filter>Blind</Filter>
    </ClInclude>
    <ClInclude Include="src\Blind\Events\ApplicationEvent.h">
      <Filter>Blind\Events</Filter>
    </ClInclude>
    <ClInclude Include="src\Blind\Events\Event.h">
      <Filter>Blind\Events</Filter>
    </ClInclude>
    <ClInclude Include="src\Blind\Events\KeyEvent.h">
      <Filter>Blind\Events</Filter>
    </ClInclude>
    <ClInclude Include="src\Blind\Events\MouseEvent.h">
      <Filter>Blind\Events</Filter>
    </ClInclude>
    <ClInclude Include="src\Blind\ImGui\ImGuiLayer.h">
      <Filter>Blind\ImGui</Filter>
    </ClInclude>
    <ClInclude Include="src\Blind\Layer.h">
      <Filter>Blind</Filter>
    </ClInclude>
    <ClInclude Include="src\Blind\LayerStack.h">
      <Filter>Blind</Filter>
    </ClInclude>
    <ClInclude Include="src\Blind\Log.h">
      <Filter>Blind</Filter>
    </ClInclude>
    <ClInclude Include="src\Blind\Window.h">
      <Filter>Blind</Filter>
    </ClInclude>
    <ClInclude Include="src\BlindEngine.h" />
    <ClInclude Include="src\Platform\OpenGL\ImGuiOpenGLRenderer.h">
      <Filter>Platform\OpenGL</Filter>
    </ClInclude>
    <ClInclude Include="src\Platform\Windows\WindowsWindow.h">
      <Filter>Platform\Windows</Filter>
    </ClInclude>
    <ClInclude Include="src\blindpch.h" />
  </ItemGroup>
  <ItemGroup>
    <ClCompile Include="src\Blind\Application.cpp">
      <Filter>Blind</Filter>
    </ClCompile>
    <ClCompile Include="src\Blind\ImGui\ImGuiLayer.cpp">
      <Filter>Blind\ImGui</Filter>
    </ClCompile>
    <ClCompile Include="src\Blind\Layer.cpp">
      <Filter>Blind</Filter>
    </ClCompile>
    <ClCompile Include="src\Blind\LayerStack.cpp">
      <Filter>Blind</Filter>
    </ClCompile>
    <ClCompile Include="src\Blind\Log.cpp">
      <Filter>Blind</Filter>
    </ClCompile>
    <ClCompile Include="src\Platform\OpenGL\ImGuiOpenGLRenderer.cpp">
      <Filter>Platform\OpenGL</Filter>
    </ClCompile>
    <ClCompile Include="src\Platform\Windows\WindowsWindow.cpp">
      <Filter>Platform\Windows</Filter>
    </ClCompile>
    <ClCompile Include="src\blindpch.cpp" />
  </ItemGroup>
</Project>