<?xml version="1.0" encoding="utf-8"?>
<Project ToolsVersion="4.0" xmlns="http://schemas.microsoft.com/developer/msbuild/2003">
  <ItemGroup>
    <Filter Include="Blind">
      <UniqueIdentifier>{8E57E60C-FA6B-0EBE-C3ED-B11D2FC10AEF}</UniqueIdentifier>
    </Filter>
    <Filter Include="Blind\Events">
      <UniqueIdentifier>{B2377805-9E9A-07AA-4720-40603362D32C}</UniqueIdentifier>
    </Filter>
  </ItemGroup>
  <ItemGroup>
    <ClInclude Include="src\Blind\Application.h">
      <Filter>Blind</Filter>
    </ClInclude>
    <ClInclude Include="src\Blind\EntryPoint.h">
      <Filter>Blind</Filter>
    </ClInclude>
    <ClInclude Include="src\Blind\Events\ApplicationEvent.h">
      <Filter>Blind\Events</Filter>
    </ClInclude>
    <ClInclude Include="src\Blind\Events\Event.h">
      <Filter>Blind\Events</Filter>
    </ClInclude>
    <ClInclude Include="src\Blind\Events\KeyEvent.h">
      <Filter>Blind\Events</Filter>
    </ClInclude>
    <ClInclude Include="src\Blind\Events\MouseEvent.h">
      <Filter>Blind\Events</Filter>
    </ClInclude>
    <ClInclude Include="src\Blind\Log.h">
      <Filter>Blind</Filter>
    </ClInclude>
    <ClInclude Include="src\BlindEngine.h" />
    <ClInclude Include="src\Core.h" />
    <ClInclude Include="src\blindpch.h" />
  </ItemGroup>
  <ItemGroup>
    <ClCompile Include="src\Blind\Application.cpp">
      <Filter>Blind</Filter>
    </ClCompile>
    <ClCompile Include="src\Blind\Log.cpp">
      <Filter>Blind</Filter>
    </ClCompile>
    <ClCompile Include="src\blindpch.cpp" />
  </ItemGroup>
</Project>