<?xml version="1.0" encoding="utf-8"?>
<Project ToolsVersion="4.0" xmlns="http://schemas.microsoft.com/developer/msbuild/2003">
  <ItemGroup>
    <Filter Include="Blind">
      <UniqueIdentifier>{8E57E60C-FA6B-0EBE-C3ED-B11D2FC10AEF}</UniqueIdentifier>
    </Filter>
  </ItemGroup>
  <ItemGroup>
    <ClInclude Include="src\Blind\Application.h">
      <Filter>Blind</Filter>
    </ClInclude>
    <ClInclude Include="src\Blind\EntryPoint.h">
      <Filter>Blind</Filter>
    </ClInclude>
    <ClInclude Include="src\Blind\Log.h">
      <Filter>Blind</Filter>
    </ClInclude>
    <ClInclude Include="src\BlindEngine.h" />
    <ClInclude Include="src\Core.h" />
  </ItemGroup>
  <ItemGroup>
    <ClCompile Include="src\Blind\Application.cpp">
      <Filter>Blind</Filter>
    </ClCompile>
    <ClCompile Include="src\Blind\Log.cpp">
      <Filter>Blind</Filter>
    </ClCompile>
  </ItemGroup>
</Project>